// !$*UTF8*$!
{
	archiveVersion = 1;
	classes = {
	};
	objectVersion = 50;
	objects = {

/* Begin PBXBuildFile section */
		884AB987242E149A00BA59CA /* Person.swift in Sources */ = {isa = PBXBuildFile; fileRef = 884AB986242E149A00BA59CA /* Person.swift */; };
		884AB989242E14A500BA59CA /* Attribute.swift in Sources */ = {isa = PBXBuildFile; fileRef = 884AB988242E14A500BA59CA /* Attribute.swift */; };
		884C8060242CD3FD009D2D36 /* AppDelegate.swift in Sources */ = {isa = PBXBuildFile; fileRef = 884C805F242CD3FD009D2D36 /* AppDelegate.swift */; };
		884C8069242CD403009D2D36 /* Assets.xcassets in Resources */ = {isa = PBXBuildFile; fileRef = 884C8068242CD403009D2D36 /* Assets.xcassets */; };
		884C806C242CD403009D2D36 /* LaunchScreen.storyboard in Resources */ = {isa = PBXBuildFile; fileRef = 884C806A242CD403009D2D36 /* LaunchScreen.storyboard */; };
		884C8075242CD49E009D2D36 /* AuthorizationViewController.swift in Sources */ = {isa = PBXBuildFile; fileRef = 884C8073242CD49E009D2D36 /* AuthorizationViewController.swift */; };
		884C8076242CD49E009D2D36 /* AuthorizationViewController.xib in Resources */ = {isa = PBXBuildFile; fileRef = 884C8074242CD49E009D2D36 /* AuthorizationViewController.xib */; };
		884C8079242CFE79009D2D36 /* ListViewController.swift in Sources */ = {isa = PBXBuildFile; fileRef = 884C8077242CFE79009D2D36 /* ListViewController.swift */; };
		884C8086242D6DFA009D2D36 /* TabBarViewController.swift in Sources */ = {isa = PBXBuildFile; fileRef = 884C8085242D6DFA009D2D36 /* TabBarViewController.swift */; };
		884C8088242D7086009D2D36 /* AboutViewController.swift in Sources */ = {isa = PBXBuildFile; fileRef = 884C8087242D7086009D2D36 /* AboutViewController.swift */; };
		884C808A242D7580009D2D36 /* EditViewController.swift in Sources */ = {isa = PBXBuildFile; fileRef = 884C8089242D757F009D2D36 /* EditViewController.swift */; };
		88991E7A2430FD5500AA6D72 /* EditView.xib in Resources */ = {isa = PBXBuildFile; fileRef = 88991E792430FD5500AA6D72 /* EditView.xib */; };
		88991E802431240400AA6D72 /* Storage.swift in Sources */ = {isa = PBXBuildFile; fileRef = 88991E7F2431240400AA6D72 /* Storage.swift */; };
/* End PBXBuildFile section */

/* Begin PBXFileReference section */
		884AB986242E149A00BA59CA /* Person.swift */ = {isa = PBXFileReference; lastKnownFileType = sourcecode.swift; path = Person.swift; sourceTree = "<group>"; };
		884AB988242E14A500BA59CA /* Attribute.swift */ = {isa = PBXFileReference; lastKnownFileType = sourcecode.swift; path = Attribute.swift; sourceTree = "<group>"; };
		884C805C242CD3FD009D2D36 /* avswTest.app */ = {isa = PBXFileReference; explicitFileType = wrapper.application; includeInIndex = 0; path = avswTest.app; sourceTree = BUILT_PRODUCTS_DIR; };
		884C805F242CD3FD009D2D36 /* AppDelegate.swift */ = {isa = PBXFileReference; lastKnownFileType = sourcecode.swift; path = AppDelegate.swift; sourceTree = "<group>"; };
		884C8068242CD403009D2D36 /* Assets.xcassets */ = {isa = PBXFileReference; lastKnownFileType = folder.assetcatalog; path = Assets.xcassets; sourceTree = "<group>"; };
		884C806B242CD403009D2D36 /* Base */ = {isa = PBXFileReference; lastKnownFileType = file.storyboard; name = Base; path = Base.lproj/LaunchScreen.storyboard; sourceTree = "<group>"; };
		884C806D242CD403009D2D36 /* Info.plist */ = {isa = PBXFileReference; lastKnownFileType = text.plist.xml; path = Info.plist; sourceTree = "<group>"; };
		884C8073242CD49E009D2D36 /* AuthorizationViewController.swift */ = {isa = PBXFileReference; lastKnownFileType = sourcecode.swift; path = AuthorizationViewController.swift; sourceTree = "<group>"; };
		884C8074242CD49E009D2D36 /* AuthorizationViewController.xib */ = {isa = PBXFileReference; lastKnownFileType = file.xib; path = AuthorizationViewController.xib; sourceTree = "<group>"; };
		884C8077242CFE79009D2D36 /* ListViewController.swift */ = {isa = PBXFileReference; lastKnownFileType = sourcecode.swift; path = ListViewController.swift; sourceTree = "<group>"; };
		884C8085242D6DFA009D2D36 /* TabBarViewController.swift */ = {isa = PBXFileReference; lastKnownFileType = sourcecode.swift; path = TabBarViewController.swift; sourceTree = "<group>"; };
		884C8087242D7086009D2D36 /* AboutViewController.swift */ = {isa = PBXFileReference; lastKnownFileType = sourcecode.swift; path = AboutViewController.swift; sourceTree = "<group>"; };
		884C8089242D757F009D2D36 /* EditViewController.swift */ = {isa = PBXFileReference; lastKnownFileType = sourcecode.swift; path = EditViewController.swift; sourceTree = "<group>"; };
		88991E792430FD5500AA6D72 /* EditView.xib */ = {isa = PBXFileReference; lastKnownFileType = file.xib; path = EditView.xib; sourceTree = "<group>"; };
		88991E7F2431240400AA6D72 /* Storage.swift */ = {isa = PBXFileReference; lastKnownFileType = sourcecode.swift; path = Storage.swift; sourceTree = "<group>"; };
/* End PBXFileReference section */

/* Begin PBXFrameworksBuildPhase section */
		884C8059242CD3FD009D2D36 /* Frameworks */ = {
			isa = PBXFrameworksBuildPhase;
			buildActionMask = 2147483647;
			files = (
			);
			runOnlyForDeploymentPostprocessing = 0;
		};
/* End PBXFrameworksBuildPhase section */

/* Begin PBXGroup section */
		884AB98A242E14B100BA59CA /* Model */ = {
			isa = PBXGroup;
			children = (
				884AB988242E14A500BA59CA /* Attribute.swift */,
				884AB986242E149A00BA59CA /* Person.swift */,
			);
			path = Model;
			sourceTree = "<group>";
		};
		884AB98B242E14C200BA59CA /* Controller */ = {
			isa = PBXGroup;
			children = (
				884C8073242CD49E009D2D36 /* AuthorizationViewController.swift */,
				884C8085242D6DFA009D2D36 /* TabBarViewController.swift */,
				884C8089242D757F009D2D36 /* EditViewController.swift */,
				884C8087242D7086009D2D36 /* AboutViewController.swift */,
				884C8077242CFE79009D2D36 /* ListViewController.swift */,
			);
			path = Controller;
			sourceTree = "<group>";
		};
		884AB98C242E14DC00BA59CA /* View */ = {
			isa = PBXGroup;
			children = (
				88991E792430FD5500AA6D72 /* EditView.xib */,
				884C8074242CD49E009D2D36 /* AuthorizationViewController.xib */,
			);
			path = View;
			sourceTree = "<group>";
		};
		884C8053242CD3FD009D2D36 = {
			isa = PBXGroup;
			children = (
				884C805E242CD3FD009D2D36 /* avswTest */,
				884C805D242CD3FD009D2D36 /* Products */,
			);
			sourceTree = "<group>";
		};
		884C805D242CD3FD009D2D36 /* Products */ = {
			isa = PBXGroup;
			children = (
				884C805C242CD3FD009D2D36 /* avswTest.app */,
			);
			name = Products;
			sourceTree = "<group>";
		};
		884C805E242CD3FD009D2D36 /* avswTest */ = {
			isa = PBXGroup;
			children = (
				884C805F242CD3FD009D2D36 /* AppDelegate.swift */,
				88991E7E2431230500AA6D72 /* Storage */,
				884AB98B242E14C200BA59CA /* Controller */,
				884AB98A242E14B100BA59CA /* Model */,
				884AB98C242E14DC00BA59CA /* View */,
				884C8068242CD403009D2D36 /* Assets.xcassets */,
				884C806A242CD403009D2D36 /* LaunchScreen.storyboard */,
				884C806D242CD403009D2D36 /* Info.plist */,
			);
			path = avswTest;
			sourceTree = "<group>";
		};
		88991E7E2431230500AA6D72 /* Storage */ = {
			isa = PBXGroup;
			children = (
				88991E7F2431240400AA6D72 /* Storage.swift */,
			);
			path = Storage;
			sourceTree = "<group>";
		};
/* End PBXGroup section */

/* Begin PBXNativeTarget section */
		884C805B242CD3FD009D2D36 /* avswTest */ = {
			isa = PBXNativeTarget;
			buildConfigurationList = 884C8070242CD403009D2D36 /* Build configuration list for PBXNativeTarget "avswTest" */;
			buildPhases = (
				884C8058242CD3FD009D2D36 /* Sources */,
				884C8059242CD3FD009D2D36 /* Frameworks */,
				884C805A242CD3FD009D2D36 /* Resources */,
			);
			buildRules = (
			);
			dependencies = (
			);
			name = avswTest;
			productName = avswTest;
			productReference = 884C805C242CD3FD009D2D36 /* avswTest.app */;
			productType = "com.apple.product-type.application";
		};
/* End PBXNativeTarget section */

/* Begin PBXProject section */
		884C8054242CD3FD009D2D36 /* Project object */ = {
			isa = PBXProject;
			attributes = {
				LastSwiftUpdateCheck = 1130;
				LastUpgradeCheck = 1130;
				ORGANIZATIONNAME = "Maksim Torburg";
				TargetAttributes = {
					884C805B242CD3FD009D2D36 = {
						CreatedOnToolsVersion = 11.3.1;
					};
				};
			};
			buildConfigurationList = 884C8057242CD3FD009D2D36 /* Build configuration list for PBXProject "avswTest" */;
			compatibilityVersion = "Xcode 9.3";
			developmentRegion = en;
			hasScannedForEncodings = 0;
			knownRegions = (
				en,
				Base,
			);
			mainGroup = 884C8053242CD3FD009D2D36;
			productRefGroup = 884C805D242CD3FD009D2D36 /* Products */;
			projectDirPath = "";
			projectRoot = "";
			targets = (
				884C805B242CD3FD009D2D36 /* avswTest */,
			);
		};
/* End PBXProject section */

/* Begin PBXResourcesBuildPhase section */
		884C805A242CD3FD009D2D36 /* Resources */ = {
			isa = PBXResourcesBuildPhase;
			buildActionMask = 2147483647;
			files = (
				884C8076242CD49E009D2D36 /* AuthorizationViewController.xib in Resources */,
				884C806C242CD403009D2D36 /* LaunchScreen.storyboard in Resources */,
				88991E7A2430FD5500AA6D72 /* EditView.xib in Resources */,
				884C8069242CD403009D2D36 /* Assets.xcassets in Resources */,
			);
			runOnlyForDeploymentPostprocessing = 0;
		};
/* End PBXResourcesBuildPhase section */

/* Begin PBXSourcesBuildPhase section */
		884C8058242CD3FD009D2D36 /* Sources */ = {
			isa = PBXSourcesBuildPhase;
			buildActionMask = 2147483647;
			files = (
				884C8075242CD49E009D2D36 /* AuthorizationViewController.swift in Sources */,
				884C8060242CD3FD009D2D36 /* AppDelegate.swift in Sources */,
				884C808A242D7580009D2D36 /* EditViewController.swift in Sources */,
				884C8086242D6DFA009D2D36 /* TabBarViewController.swift in Sources */,
				884AB987242E149A00BA59CA /* Person.swift in Sources */,
				88991E802431240400AA6D72 /* Storage.swift in Sources */,
				884C8088242D7086009D2D36 /* AboutViewController.swift in Sources */,
				884AB989242E14A500BA59CA /* Attribute.swift in Sources */,
				884C8079242CFE79009D2D36 /* ListViewController.swift in Sources */,
			);
			runOnlyForDeploymentPostprocessing = 0;
		};
/* End PBXSourcesBuildPhase section */

/* Begin PBXVariantGroup section */
		884C806A242CD403009D2D36 /* LaunchScreen.storyboard */ = {
			isa = PBXVariantGroup;
			children = (
				884C806B242CD403009D2D36 /* Base */,
			);
			name = LaunchScreen.storyboard;
			sourceTree = "<group>";
		};
/* End PBXVariantGroup section */

/* Begin XCBuildConfiguration section */
		884C806E242CD403009D2D36 /* Debug */ = {
			isa = XCBuildConfiguration;
			buildSettings = {
				ALWAYS_SEARCH_USER_PATHS = NO;
				CLANG_ANALYZER_NONNULL = YES;
				CLANG_ANALYZER_NUMBER_OBJECT_CONVERSION = YES_AGGRESSIVE;
				CLANG_CXX_LANGUAGE_STANDARD = "gnu++14";
				CLANG_CXX_LIBRARY = "libc++";
				CLANG_ENABLE_MODULES = YES;
				CLANG_ENABLE_OBJC_ARC = YES;
				CLANG_ENABLE_OBJC_WEAK = YES;
				CLANG_WARN_BLOCK_CAPTURE_AUTORELEASING = YES;
				CLANG_WARN_BOOL_CONVERSION = YES;
				CLANG_WARN_COMMA = YES;
				CLANG_WARN_CONSTANT_CONVERSION = YES;
				CLANG_WARN_DEPRECATED_OBJC_IMPLEMENTATIONS = YES;
				CLANG_WARN_DIRECT_OBJC_ISA_USAGE = YES_ERROR;
				CLANG_WARN_DOCUMENTATION_COMMENTS = YES;
				CLANG_WARN_EMPTY_BODY = YES;
				CLANG_WARN_ENUM_CONVERSION = YES;
				CLANG_WARN_INFINITE_RECURSION = YES;
				CLANG_WARN_INT_CONVERSION = YES;
				CLANG_WARN_NON_LITERAL_NULL_CONVERSION = YES;
				CLANG_WARN_OBJC_IMPLICIT_RETAIN_SELF = YES;
				CLANG_WARN_OBJC_LITERAL_CONVERSION = YES;
				CLANG_WARN_OBJC_ROOT_CLASS = YES_ERROR;
				CLANG_WARN_RANGE_LOOP_ANALYSIS = YES;
				CLANG_WARN_STRICT_PROTOTYPES = YES;
				CLANG_WARN_SUSPICIOUS_MOVE = YES;
				CLANG_WARN_UNGUARDED_AVAILABILITY = YES_AGGRESSIVE;
				CLANG_WARN_UNREACHABLE_CODE = YES;
				CLANG_WARN__DUPLICATE_METHOD_MATCH = YES;
				COPY_PHASE_STRIP = NO;
				DEBUG_INFORMATION_FORMAT = dwarf;
				ENABLE_STRICT_OBJC_MSGSEND = YES;
				ENABLE_TESTABILITY = YES;
				GCC_C_LANGUAGE_STANDARD = gnu11;
				GCC_DYNAMIC_NO_PIC = NO;
				GCC_NO_COMMON_BLOCKS = YES;
				GCC_OPTIMIZATION_LEVEL = 0;
				GCC_PREPROCESSOR_DEFINITIONS = (
					"DEBUG=1",
					"$(inherited)",
				);
				GCC_WARN_64_TO_32_BIT_CONVERSION = YES;
				GCC_WARN_ABOUT_RETURN_TYPE = YES_ERROR;
				GCC_WARN_UNDECLARED_SELECTOR = YES;
				GCC_WARN_UNINITIALIZED_AUTOS = YES_AGGRESSIVE;
				GCC_WARN_UNUSED_FUNCTION = YES;
				GCC_WARN_UNUSED_VARIABLE = YES;
				IPHONEOS_DEPLOYMENT_TARGET = 12.0;
				MTL_ENABLE_DEBUG_INFO = INCLUDE_SOURCE;
				MTL_FAST_MATH = YES;
				ONLY_ACTIVE_ARCH = YES;
				SDKROOT = iphoneos;
				SWIFT_ACTIVE_COMPILATION_CONDITIONS = DEBUG;
				SWIFT_OPTIMIZATION_LEVEL = "-Onone";
			};
			name = Debug;
		};
		884C806F242CD403009D2D36 /* Release */ = {
			isa = XCBuildConfiguration;
			buildSettings = {
				ALWAYS_SEARCH_USER_PATHS = NO;
				CLANG_ANALYZER_NONNULL = YES;
				CLANG_ANALYZER_NUMBER_OBJECT_CONVERSION = YES_AGGRESSIVE;
				CLANG_CXX_LANGUAGE_STANDARD = "gnu++14";
				CLANG_CXX_LIBRARY = "libc++";
				CLANG_ENABLE_MODULES = YES;
				CLANG_ENABLE_OBJC_ARC = YES;
				CLANG_ENABLE_OBJC_WEAK = YES;
				CLANG_WARN_BLOCK_CAPTURE_AUTORELEASING = YES;
				CLANG_WARN_BOOL_CONVERSION = YES;
				CLANG_WARN_COMMA = YES;
				CLANG_WARN_CONSTANT_CONVERSION = YES;
				CLANG_WARN_DEPRECATED_OBJC_IMPLEMENTATIONS = YES;
				CLANG_WARN_DIRECT_OBJC_ISA_USAGE = YES_ERROR;
				CLANG_WARN_DOCUMENTATION_COMMENTS = YES;
				CLANG_WARN_EMPTY_BODY = YES;
				CLANG_WARN_ENUM_CONVERSION = YES;
				CLANG_WARN_INFINITE_RECURSION = YES;
				CLANG_WARN_INT_CONVERSION = YES;
				CLANG_WARN_NON_LITERAL_NULL_CONVERSION = YES;
				CLANG_WARN_OBJC_IMPLICIT_RETAIN_SELF = YES;
				CLANG_WARN_OBJC_LITERAL_CONVERSION = YES;
				CLANG_WARN_OBJC_ROOT_CLASS = YES_ERROR;
				CLANG_WARN_RANGE_LOOP_ANALYSIS = YES;
				CLANG_WARN_STRICT_PROTOTYPES = YES;
				CLANG_WARN_SUSPICIOUS_MOVE = YES;
				CLANG_WARN_UNGUARDED_AVAILABILITY = YES_AGGRESSIVE;
				CLANG_WARN_UNREACHABLE_CODE = YES;
				CLANG_WARN__DUPLICATE_METHOD_MATCH = YES;
				COPY_PHASE_STRIP = NO;
				DEBUG_INFORMATION_FORMAT = "dwarf-with-dsym";
				ENABLE_NS_ASSERTIONS = NO;
				ENABLE_STRICT_OBJC_MSGSEND = YES;
				GCC_C_LANGUAGE_STANDARD = gnu11;
				GCC_NO_COMMON_BLOCKS = YES;
				GCC_WARN_64_TO_32_BIT_CONVERSION = YES;
				GCC_WARN_ABOUT_RETURN_TYPE = YES_ERROR;
				GCC_WARN_UNDECLARED_SELECTOR = YES;
				GCC_WARN_UNINITIALIZED_AUTOS = YES_AGGRESSIVE;
				GCC_WARN_UNUSED_FUNCTION = YES;
				GCC_WARN_UNUSED_VARIABLE = YES;
				IPHONEOS_DEPLOYMENT_TARGET = 12.0;
				MTL_ENABLE_DEBUG_INFO = NO;
				MTL_FAST_MATH = YES;
				SDKROOT = iphoneos;
				SWIFT_COMPILATION_MODE = wholemodule;
				SWIFT_OPTIMIZATION_LEVEL = "-O";
				VALIDATE_PRODUCT = YES;
			};
			name = Release;
		};
		884C8071242CD403009D2D36 /* Debug */ = {
			isa = XCBuildConfiguration;
			buildSettings = {
				ASSETCATALOG_COMPILER_APPICON_NAME = AppIcon;
				CODE_SIGN_STYLE = Automatic;
				DEVELOPMENT_TEAM = 97W4UY3T4N;
				INFOPLIST_FILE = avswTest/Info.plist;
				LD_RUNPATH_SEARCH_PATHS = (
					"$(inherited)",
					"@executable_path/Frameworks",
				);
				PRODUCT_BUNDLE_IDENTIFIER = com.torburg.avswTest;
				PRODUCT_NAME = "$(TARGET_NAME)";
				SWIFT_VERSION = 5.0;
				TARGETED_DEVICE_FAMILY = "1,2";
			};
			name = Debug;
		};
		884C8072242CD403009D2D36 /* Release */ = {
			isa = XCBuildConfiguration;
			buildSettings = {
				ASSETCATALOG_COMPILER_APPICON_NAME = AppIcon;
				CODE_SIGN_STYLE = Automatic;
				DEVELOPMENT_TEAM = 97W4UY3T4N;
				INFOPLIST_FILE = avswTest/Info.plist;
				LD_RUNPATH_SEARCH_PATHS = (
					"$(inherited)",
					"@executable_path/Frameworks",
				);
				PRODUCT_BUNDLE_IDENTIFIER = com.torburg.avswTest;
				PRODUCT_NAME = "$(TARGET_NAME)";
				SWIFT_VERSION = 5.0;
				TARGETED_DEVICE_FAMILY = "1,2";
			};
			name = Release;
		};
/* End XCBuildConfiguration section */

/* Begin XCConfigurationList section */
		884C8057242CD3FD009D2D36 /* Build configuration list for PBXProject "avswTest" */ = {
			isa = XCConfigurationList;
			buildConfigurations = (
				884C806E242CD403009D2D36 /* Debug */,
				884C806F242CD403009D2D36 /* Release */,
			);
			defaultConfigurationIsVisible = 0;
			defaultConfigurationName = Release;
		};
		884C8070242CD403009D2D36 /* Build configuration list for PBXNativeTarget "avswTest" */ = {
			isa = XCConfigurationList;
			buildConfigurations = (
				884C8071242CD403009D2D36 /* Debug */,
				884C8072242CD403009D2D36 /* Release */,
			);
			defaultConfigurationIsVisible = 0;
			defaultConfigurationName = Release;
		};
/* End XCConfigurationList section */
	};
	rootObject = 884C8054242CD3FD009D2D36 /* Project object */;
}
